
Microsoft Visual Studio Solution File, Format Version 12.00
# Visual Studio Version 17
VisualStudioVersion = 17.1.32319.34
MinimumVisualStudioVersion = 10.0.40219.1
Project("{9A19103F-16F7-4668-BE54-9A1E7A4F7556}") = "Sabatex.ObjectsExchange.Models", "Sabatex.ObjectsExchange.Models\Sabatex.ObjectsExchange.Models.csproj", "{3AF42961-4628-4301-B439-76939F2E7D40}"
EndProject
Project("{2150E333-8FDC-42A3-9474-1A3956D46DE8}") = "Solution Items", "Solution Items", "{E25FC2B4-765C-4D8E-9A3B-54D3355A5856}"
	ProjectSection(SolutionItems) = preProject
		Prepare ERP for exchange.md = Prepare ERP for exchange.md
		Readme.md = Readme.md
		test.json = test.json
	EndProjectSection
EndProject
Project("{9A19103F-16F7-4668-BE54-9A1E7A4F7556}") = "Sabatex.V1C77.ExchangeService", "sabatex.1C77.ExchangeService\Sabatex.V1C77.ExchangeService.csproj", "{CB269AFB-2A90-4896-9F17-35ABA76F9ECF}"
EndProject
Project("{9A19103F-16F7-4668-BE54-9A1E7A4F7556}") = "Sabatex.ObjectsExchange.Tests", "Sabatex.ObjectsExchange.Tests\Sabatex.ObjectsExchange.Tests.csproj", "{79B4D601-10CA-46EC-B928-32DB7B3D5F52}"
EndProject
Project("{9A19103F-16F7-4668-BE54-9A1E7A4F7556}") = "Sabatex.ObjectsExchange.HttpClientConnector", "Sabatex.ObjectsExchange.HttpClientConnector\Sabatex.ObjectsExchange.HttpClientConnector.csproj", "{1AAFAE12-D832-4414-AF2F-4E4B816B304A}"
EndProject
Project("{9A19103F-16F7-4668-BE54-9A1E7A4F7556}") = "ObjectsExchange.Client", "ObjectsExchange.Client\ObjectsExchange.Client.csproj", "{75DB9265-342E-4DE3-A46A-C66DB25586CD}"
EndProject
Project("{9A19103F-16F7-4668-BE54-9A1E7A4F7556}") = "ObjectsExchange", "ObjectsExchange\ObjectsExchange.csproj", "{CEF09DEB-9152-4860-ADFB-B784F57D85D5}"
EndProject
Project("{FAE04EC0-301F-11D3-BF4B-00C04F79EFBC}") = "Sabatex.ObjectsExchange.BASAdapter", "Sabatex.ObjectsExchange.BASAdapter\Sabatex.ObjectsExchange.BASAdapter.csproj", "{263AAC01-D4DA-46DC-921A-AB2FF95EEB84}"
EndProject
Project("{FAE04EC0-301F-11D3-BF4B-00C04F79EFBC}") = "Sabatex.ObjectsExchange.ApiAdapter", "Sabatex.ObjectsExchange.ApiAdapter\Sabatex.ObjectsExchange.ApiAdapter.csproj", "{379480BE-BD2F-4695-8DB3-B8FF36052185}"
EndProject
Project("{FAE04EC0-301F-11D3-BF4B-00C04F79EFBC}") = "Sabatex.ObjectsExchange.ApiAdapter.Framework", "Sabatex.ObjectsExchange.ApiAdapter.Framework\Sabatex.ObjectsExchange.ApiAdapter.Framework.csproj", "{96A161B9-5CB3-4315-A86F-6A3F70EBD8D6}"
EndProject
Global
	GlobalSection(SolutionConfigurationPlatforms) = preSolution
		Debug|Any CPU = Debug|Any CPU
		Release|Any CPU = Release|Any CPU
	EndGlobalSection
	GlobalSection(ProjectConfigurationPlatforms) = postSolution
		{3AF42961-4628-4301-B439-76939F2E7D40}.Debug|Any CPU.ActiveCfg = Debug|Any CPU
		{3AF42961-4628-4301-B439-76939F2E7D40}.Debug|Any CPU.Build.0 = Debug|Any CPU
		{3AF42961-4628-4301-B439-76939F2E7D40}.Release|Any CPU.ActiveCfg = Release|Any CPU
		{3AF42961-4628-4301-B439-76939F2E7D40}.Release|Any CPU.Build.0 = Release|Any CPU
		{CB269AFB-2A90-4896-9F17-35ABA76F9ECF}.Debug|Any CPU.ActiveCfg = Debug|Any CPU
		{CB269AFB-2A90-4896-9F17-35ABA76F9ECF}.Debug|Any CPU.Build.0 = Debug|Any CPU
		{CB269AFB-2A90-4896-9F17-35ABA76F9ECF}.Release|Any CPU.ActiveCfg = Release|Any CPU
		{CB269AFB-2A90-4896-9F17-35ABA76F9ECF}.Release|Any CPU.Build.0 = Release|Any CPU
		{79B4D601-10CA-46EC-B928-32DB7B3D5F52}.Debug|Any CPU.ActiveCfg = Debug|Any CPU
		{79B4D601-10CA-46EC-B928-32DB7B3D5F52}.Debug|Any CPU.Build.0 = Debug|Any CPU
		{79B4D601-10CA-46EC-B928-32DB7B3D5F52}.Release|Any CPU.ActiveCfg = Release|Any CPU
		{79B4D601-10CA-46EC-B928-32DB7B3D5F52}.Release|Any CPU.Build.0 = Release|Any CPU
		{1AAFAE12-D832-4414-AF2F-4E4B816B304A}.Debug|Any CPU.ActiveCfg = Debug|Any CPU
		{1AAFAE12-D832-4414-AF2F-4E4B816B304A}.Debug|Any CPU.Build.0 = Debug|Any CPU
		{1AAFAE12-D832-4414-AF2F-4E4B816B304A}.Release|Any CPU.ActiveCfg = Release|Any CPU
		{1AAFAE12-D832-4414-AF2F-4E4B816B304A}.Release|Any CPU.Build.0 = Release|Any CPU
		{75DB9265-342E-4DE3-A46A-C66DB25586CD}.Debug|Any CPU.ActiveCfg = Debug|Any CPU
		{75DB9265-342E-4DE3-A46A-C66DB25586CD}.Debug|Any CPU.Build.0 = Debug|Any CPU
		{75DB9265-342E-4DE3-A46A-C66DB25586CD}.Release|Any CPU.ActiveCfg = Release|Any CPU
		{75DB9265-342E-4DE3-A46A-C66DB25586CD}.Release|Any CPU.Build.0 = Release|Any CPU
		{CEF09DEB-9152-4860-ADFB-B784F57D85D5}.Debug|Any CPU.ActiveCfg = Debug|Any CPU
		{CEF09DEB-9152-4860-ADFB-B784F57D85D5}.Debug|Any CPU.Build.0 = Debug|Any CPU
		{CEF09DEB-9152-4860-ADFB-B784F57D85D5}.Release|Any CPU.ActiveCfg = Release|Any CPU
		{CEF09DEB-9152-4860-ADFB-B784F57D85D5}.Release|Any CPU.Build.0 = Release|Any CPU
		{263AAC01-D4DA-46DC-921A-AB2FF95EEB84}.Debug|Any CPU.ActiveCfg = Debug|Any CPU
		{263AAC01-D4DA-46DC-921A-AB2FF95EEB84}.Debug|Any CPU.Build.0 = Debug|Any CPU
		{263AAC01-D4DA-46DC-921A-AB2FF95EEB84}.Release|Any CPU.ActiveCfg = Release|Any CPU
		{263AAC01-D4DA-46DC-921A-AB2FF95EEB84}.Release|Any CPU.Build.0 = Release|Any CPU
		{379480BE-BD2F-4695-8DB3-B8FF36052185}.Debug|Any CPU.ActiveCfg = Debug|Any CPU
		{379480BE-BD2F-4695-8DB3-B8FF36052185}.Debug|Any CPU.Build.0 = Debug|Any CPU
		{379480BE-BD2F-4695-8DB3-B8FF36052185}.Release|Any CPU.ActiveCfg = Release|Any CPU
		{379480BE-BD2F-4695-8DB3-B8FF36052185}.Release|Any CPU.Build.0 = Release|Any CPU
		{96A161B9-5CB3-4315-A86F-6A3F70EBD8D6}.Debug|Any CPU.ActiveCfg = Debug|Any CPU
		{96A161B9-5CB3-4315-A86F-6A3F70EBD8D6}.Debug|Any CPU.Build.0 = Debug|Any CPU
		{96A161B9-5CB3-4315-A86F-6A3F70EBD8D6}.Release|Any CPU.ActiveCfg = Release|Any CPU
		{96A161B9-5CB3-4315-A86F-6A3F70EBD8D6}.Release|Any CPU.Build.0 = Release|Any CPU
	EndGlobalSection
	GlobalSection(SolutionProperties) = preSolution
		HideSolutionNode = FALSE
	EndGlobalSection
	GlobalSection(ExtensibilityGlobals) = postSolution
		SolutionGuid = {C0ED09FD-EEAF-4E3E-94C0-5BF69FC94CFC}
	EndGlobalSection
EndGlobal
