
Microsoft Visual Studio Solution File, Format Version 12.00
# Visual Studio Version 17
VisualStudioVersion = 17.1.32319.34
MinimumVisualStudioVersion = 10.0.40219.1
Project("{9A19103F-16F7-4668-BE54-9A1E7A4F7556}") = "WebApiDocumentsExchange", "WebApi1C8Exchange\WebApiDocumentsExchange.csproj", "{E1BD8BB5-8181-4E4C-941D-DCB459B74751}"
EndProject
Project("{9A19103F-16F7-4668-BE54-9A1E7A4F7556}") = "Sabatex.WebApiDocumentsExchange.Models", "WebApi1C8Exchange.Models\Sabatex.WebApiDocumentsExchange.Models.csproj", "{852B5825-929F-4FCA-B292-CD0393708AF1}"
EndProject
Project("{2150E333-8FDC-42A3-9474-1A3956D46DE8}") = "Solution Items", "Solution Items", "{A0105BEE-DA00-40CE-B6F6-D9D225BA7774}"
	ProjectSection(SolutionItems) = preProject
		demo1C.json = demo1C.json
		Sabatex.Core\src\LICENSE.txt = Sabatex.Core\src\LICENSE.txt
		removeMigration.cmd = removeMigration.cmd
	EndProjectSection
EndProject
Project("{9A19103F-16F7-4668-BE54-9A1E7A4F7556}") = "WebApiDocumentEx.Test", "WebApiDocumentEx.Test\WebApiDocumentEx.Test.csproj", "{0B9A08B3-CDFF-47B6-BA8B-26F2A0F04CD4}"
EndProject
Project("{2150E333-8FDC-42A3-9474-1A3956D46DE8}") = "1C8", "1C8", "{09DA94B8-D76D-4BD5-820B-3DA3BB56C427}"
	ProjectSection(SolutionItems) = preProject
		complect.json = complect.json
		module.sabatexExchange.txt = module.sabatexExchange.txt
		module.sabatexExchangeActions.txt = module.sabatexExchangeActions.txt
		module.sabatexJSON.txt = module.sabatexJSON.txt
		1C8Api\module.sabatexWebApi.txt = 1C8Api\module.sabatexWebApi.txt
		nomenclature.json = nomenclature.json
		РасходнаяНакладнаяUNF.json = РасходнаяНакладнаяUNF.json
	EndProjectSection
EndProject
Project("{9A19103F-16F7-4668-BE54-9A1E7A4F7556}") = "Sabatex.WebApiDocumentsExchange.Extensions", "WebApiDocumentsExchange.Extensions\Sabatex.WebApiDocumentsExchange.Extensions.csproj", "{71879F6A-5FED-427A-BA4F-4EA4686B6CEA}"
EndProject
Project("{2150E333-8FDC-42A3-9474-1A3956D46DE8}") = "Bagel", "Bagel", "{0F748872-E557-45F4-AD10-91B5C3CDCBA0}"
	ProjectSection(SolutionItems) = preProject
		Прихіда список.json = Прихіда список.json
		прихідна.json = прихідна.json
	EndProjectSection
EndProject
Project("{2150E333-8FDC-42A3-9474-1A3956D46DE8}") = "Script", "Script", "{24228F57-59F2-4E31-9BAA-8BA7EABE9710}"
	ProjectSection(SolutionItems) = preProject
		add-migration.cmd = add-migration.cmd
	EndProjectSection
EndProject
Project("{2150E333-8FDC-42A3-9474-1A3956D46DE8}") = "Linux", "Linux", "{8B4D6B4C-B2E5-4085-BDDF-CB7C30EB6BD1}"
EndProject
Project("{2150E333-8FDC-42A3-9474-1A3956D46DE8}") = "etc", "etc", "{7146FDE0-D4E9-4898-8F34-4AF3E15ACB43}"
EndProject
Project("{2150E333-8FDC-42A3-9474-1A3956D46DE8}") = "systemd", "systemd", "{36DDA363-4A55-455D-AE07-E1C5211C94A5}"
EndProject
Project("{2150E333-8FDC-42A3-9474-1A3956D46DE8}") = "system", "system", "{E45C54D8-6416-4977-BDCF-61553381902C}"
	ProjectSection(SolutionItems) = preProject
		..\..\..\..\OneDrive\FIRMS\DIK\servers\web\etc\systemd\system\WebApiDocumentsExchange.service = ..\..\..\..\OneDrive\FIRMS\DIK\servers\web\etc\systemd\system\WebApiDocumentsExchange.service
	EndProjectSection
EndProject
Project("{9A19103F-16F7-4668-BE54-9A1E7A4F7556}") = "WebApiDocumentsExchange.Client", "WebApiDocumentsExchange.Client\WebApiDocumentsExchange.Client.csproj", "{0933977D-B3B4-4725-87B1-B84D4214D94A}"
EndProject
Project("{9A19103F-16F7-4668-BE54-9A1E7A4F7556}") = "Sabatex.WebApiDocumentsExchange.Core", "sabatex.WebApiDocumentsExchange.Core\Sabatex.WebApiDocumentsExchange.Core.csproj", "{A9589491-0CE3-4282-BF93-236BED5BC2B2}"
EndProject
Project("{9A19103F-16F7-4668-BE54-9A1E7A4F7556}") = "Sabatex.Core", "Sabatex.Core\src\Sabatex.Core.csproj", "{A998AB51-CDEE-4FCD-AA6C-9ACB50B80411}"
EndProject
Global
	GlobalSection(SolutionConfigurationPlatforms) = preSolution
		Debug|Any CPU = Debug|Any CPU
		Release|Any CPU = Release|Any CPU
	EndGlobalSection
	GlobalSection(ProjectConfigurationPlatforms) = postSolution
		{E1BD8BB5-8181-4E4C-941D-DCB459B74751}.Debug|Any CPU.ActiveCfg = Debug|Any CPU
		{E1BD8BB5-8181-4E4C-941D-DCB459B74751}.Debug|Any CPU.Build.0 = Debug|Any CPU
		{E1BD8BB5-8181-4E4C-941D-DCB459B74751}.Release|Any CPU.ActiveCfg = Release|Any CPU
		{E1BD8BB5-8181-4E4C-941D-DCB459B74751}.Release|Any CPU.Build.0 = Release|Any CPU
		{852B5825-929F-4FCA-B292-CD0393708AF1}.Debug|Any CPU.ActiveCfg = Debug|Any CPU
		{852B5825-929F-4FCA-B292-CD0393708AF1}.Debug|Any CPU.Build.0 = Debug|Any CPU
		{852B5825-929F-4FCA-B292-CD0393708AF1}.Release|Any CPU.ActiveCfg = Release|Any CPU
		{852B5825-929F-4FCA-B292-CD0393708AF1}.Release|Any CPU.Build.0 = Release|Any CPU
		{0B9A08B3-CDFF-47B6-BA8B-26F2A0F04CD4}.Debug|Any CPU.ActiveCfg = Debug|Any CPU
		{0B9A08B3-CDFF-47B6-BA8B-26F2A0F04CD4}.Debug|Any CPU.Build.0 = Debug|Any CPU
		{0B9A08B3-CDFF-47B6-BA8B-26F2A0F04CD4}.Release|Any CPU.ActiveCfg = Release|Any CPU
		{0B9A08B3-CDFF-47B6-BA8B-26F2A0F04CD4}.Release|Any CPU.Build.0 = Release|Any CPU
		{71879F6A-5FED-427A-BA4F-4EA4686B6CEA}.Debug|Any CPU.ActiveCfg = Debug|Any CPU
		{71879F6A-5FED-427A-BA4F-4EA4686B6CEA}.Debug|Any CPU.Build.0 = Debug|Any CPU
		{71879F6A-5FED-427A-BA4F-4EA4686B6CEA}.Release|Any CPU.ActiveCfg = Release|Any CPU
		{71879F6A-5FED-427A-BA4F-4EA4686B6CEA}.Release|Any CPU.Build.0 = Release|Any CPU
		{0933977D-B3B4-4725-87B1-B84D4214D94A}.Debug|Any CPU.ActiveCfg = Debug|Any CPU
		{0933977D-B3B4-4725-87B1-B84D4214D94A}.Debug|Any CPU.Build.0 = Debug|Any CPU
		{0933977D-B3B4-4725-87B1-B84D4214D94A}.Release|Any CPU.ActiveCfg = Release|Any CPU
		{0933977D-B3B4-4725-87B1-B84D4214D94A}.Release|Any CPU.Build.0 = Release|Any CPU
		{A9589491-0CE3-4282-BF93-236BED5BC2B2}.Debug|Any CPU.ActiveCfg = Debug|Any CPU
		{A9589491-0CE3-4282-BF93-236BED5BC2B2}.Debug|Any CPU.Build.0 = Debug|Any CPU
		{A9589491-0CE3-4282-BF93-236BED5BC2B2}.Release|Any CPU.ActiveCfg = Release|Any CPU
		{A9589491-0CE3-4282-BF93-236BED5BC2B2}.Release|Any CPU.Build.0 = Release|Any CPU
		{A998AB51-CDEE-4FCD-AA6C-9ACB50B80411}.Debug|Any CPU.ActiveCfg = Debug|Any CPU
		{A998AB51-CDEE-4FCD-AA6C-9ACB50B80411}.Debug|Any CPU.Build.0 = Debug|Any CPU
		{A998AB51-CDEE-4FCD-AA6C-9ACB50B80411}.Release|Any CPU.ActiveCfg = Release|Any CPU
		{A998AB51-CDEE-4FCD-AA6C-9ACB50B80411}.Release|Any CPU.Build.0 = Release|Any CPU
	EndGlobalSection
	GlobalSection(SolutionProperties) = preSolution
		HideSolutionNode = FALSE
	EndGlobalSection
	GlobalSection(NestedProjects) = preSolution
		{09DA94B8-D76D-4BD5-820B-3DA3BB56C427} = {A0105BEE-DA00-40CE-B6F6-D9D225BA7774}
		{0F748872-E557-45F4-AD10-91B5C3CDCBA0} = {A0105BEE-DA00-40CE-B6F6-D9D225BA7774}
		{24228F57-59F2-4E31-9BAA-8BA7EABE9710} = {A0105BEE-DA00-40CE-B6F6-D9D225BA7774}
		{8B4D6B4C-B2E5-4085-BDDF-CB7C30EB6BD1} = {A0105BEE-DA00-40CE-B6F6-D9D225BA7774}
		{7146FDE0-D4E9-4898-8F34-4AF3E15ACB43} = {8B4D6B4C-B2E5-4085-BDDF-CB7C30EB6BD1}
		{36DDA363-4A55-455D-AE07-E1C5211C94A5} = {7146FDE0-D4E9-4898-8F34-4AF3E15ACB43}
		{E45C54D8-6416-4977-BDCF-61553381902C} = {36DDA363-4A55-455D-AE07-E1C5211C94A5}
	EndGlobalSection
	GlobalSection(ExtensibilityGlobals) = postSolution
		SolutionGuid = {C0ED09FD-EEAF-4E3E-94C0-5BF69FC94CFC}
	EndGlobalSection
EndGlobal
