
Microsoft Visual Studio Solution File, Format Version 12.00
# Visual Studio Version 17
VisualStudioVersion = 17.1.32319.34
MinimumVisualStudioVersion = 10.0.40219.1
Project("{9A19103F-16F7-4668-BE54-9A1E7A4F7556}") = "Sabatex.WebApiDocumentsExchange.Models", "WebApi1C8Exchange.Models\Sabatex.WebApiDocumentsExchange.Models.csproj", "{852B5825-929F-4FCA-B292-CD0393708AF1}"
EndProject
Project("{2150E333-8FDC-42A3-9474-1A3956D46DE8}") = "Solution Items", "Solution Items", "{A0105BEE-DA00-40CE-B6F6-D9D225BA7774}"
EndProject
Project("{9A19103F-16F7-4668-BE54-9A1E7A4F7556}") = "WebApiDocumentEx.Test", "WebApiDocumentEx.Test\WebApiDocumentEx.Test.csproj", "{0B9A08B3-CDFF-47B6-BA8B-26F2A0F04CD4}"
EndProject
Project("{2150E333-8FDC-42A3-9474-1A3956D46DE8}") = "1C8", "1C8", "{09DA94B8-D76D-4BD5-820B-3DA3BB56C427}"
	ProjectSection(SolutionItems) = preProject
		complect.json = complect.json
		module.sabatexExchange.txt = module.sabatexExchange.txt
		module.sabatexExchangeActions.txt = module.sabatexExchangeActions.txt
		module.sabatexJSON.txt = module.sabatexJSON.txt
		1C8Api\module.sabatexWebApi.txt = 1C8Api\module.sabatexWebApi.txt
		nomenclature.json = nomenclature.json
		РасходнаяНакладнаяUNF.json = РасходнаяНакладнаяUNF.json
	EndProjectSection
EndProject
Project("{9A19103F-16F7-4668-BE54-9A1E7A4F7556}") = "Sabatex.WebApiDocumentsExchange.Extensions", "WebApiDocumentsExchange.Extensions\Sabatex.WebApiDocumentsExchange.Extensions.csproj", "{71879F6A-5FED-427A-BA4F-4EA4686B6CEA}"
EndProject
Project("{2150E333-8FDC-42A3-9474-1A3956D46DE8}") = "Sabatex.ObjectsExchange", "Sabatex.ObjectsExchange", "{4EB068BC-32D4-4597-8F87-77538C0D0776}"
EndProject
Project("{9A19103F-16F7-4668-BE54-9A1E7A4F7556}") = "Sabatex.ObjectsExchange.Server", "src\Sabatex.ObjectsExchange\Sabatex.ObjectsExchange.Server\Sabatex.ObjectsExchange.Server.csproj", "{AB3844E7-E46E-489B-9956-40F85E56296F}"
EndProject
Project("{9A19103F-16F7-4668-BE54-9A1E7A4F7556}") = "Sabatex.ObjectsExchange.ApiConnector", "src\Sabatex.ObjectsExchange\Sabatex.ObjectsExchange.ApiHelper\Sabatex.ObjectsExchange.ApiConnector.csproj", "{879CA851-311C-42DA-A9EC-0C40614C545C}"
EndProject
Project("{2150E333-8FDC-42A3-9474-1A3956D46DE8}") = "BASApi", "BASApi", "{858ADCA4-7DF4-41E0-B89B-D71AA076BF6F}"
EndProject
Project("{9A19103F-16F7-4668-BE54-9A1E7A4F7556}") = "Sabatex.ObjectsExchange.Client", "src\Sabatex.ObjectsExchange\Sabatex.ObjectsExchange.Client\Sabatex.ObjectsExchange.Client.csproj", "{8C981BBB-6922-4418-A040-6A68A6C5D531}"
EndProject
Project("{9A19103F-16F7-4668-BE54-9A1E7A4F7556}") = "Sabatex.ObjectsExchange.Models", "src\Sabatex.ObjectsExchange\sabatex.ObjectsExchange.Models\Sabatex.ObjectsExchange.Models.csproj", "{5BEBD9DA-BCD9-463D-8148-D464820FE73E}"
EndProject
Project("{9A19103F-16F7-4668-BE54-9A1E7A4F7556}") = "ObjectsExchange", "ObjectsExchange\ObjectsExchange.csproj", "{F300F60B-8B03-4D9B-8D4C-34B06A4CA601}"
EndProject
Global
	GlobalSection(SolutionConfigurationPlatforms) = preSolution
		Debug|Any CPU = Debug|Any CPU
		Release|Any CPU = Release|Any CPU
	EndGlobalSection
	GlobalSection(ProjectConfigurationPlatforms) = postSolution
		{852B5825-929F-4FCA-B292-CD0393708AF1}.Debug|Any CPU.ActiveCfg = Debug|Any CPU
		{852B5825-929F-4FCA-B292-CD0393708AF1}.Debug|Any CPU.Build.0 = Debug|Any CPU
		{852B5825-929F-4FCA-B292-CD0393708AF1}.Release|Any CPU.ActiveCfg = Release|Any CPU
		{852B5825-929F-4FCA-B292-CD0393708AF1}.Release|Any CPU.Build.0 = Release|Any CPU
		{0B9A08B3-CDFF-47B6-BA8B-26F2A0F04CD4}.Debug|Any CPU.ActiveCfg = Debug|Any CPU
		{0B9A08B3-CDFF-47B6-BA8B-26F2A0F04CD4}.Debug|Any CPU.Build.0 = Debug|Any CPU
		{0B9A08B3-CDFF-47B6-BA8B-26F2A0F04CD4}.Release|Any CPU.ActiveCfg = Release|Any CPU
		{0B9A08B3-CDFF-47B6-BA8B-26F2A0F04CD4}.Release|Any CPU.Build.0 = Release|Any CPU
		{71879F6A-5FED-427A-BA4F-4EA4686B6CEA}.Debug|Any CPU.ActiveCfg = Debug|Any CPU
		{71879F6A-5FED-427A-BA4F-4EA4686B6CEA}.Debug|Any CPU.Build.0 = Debug|Any CPU
		{71879F6A-5FED-427A-BA4F-4EA4686B6CEA}.Release|Any CPU.ActiveCfg = Release|Any CPU
		{71879F6A-5FED-427A-BA4F-4EA4686B6CEA}.Release|Any CPU.Build.0 = Release|Any CPU
		{AB3844E7-E46E-489B-9956-40F85E56296F}.Debug|Any CPU.ActiveCfg = Debug|Any CPU
		{AB3844E7-E46E-489B-9956-40F85E56296F}.Debug|Any CPU.Build.0 = Debug|Any CPU
		{AB3844E7-E46E-489B-9956-40F85E56296F}.Release|Any CPU.ActiveCfg = Release|Any CPU
		{AB3844E7-E46E-489B-9956-40F85E56296F}.Release|Any CPU.Build.0 = Release|Any CPU
		{879CA851-311C-42DA-A9EC-0C40614C545C}.Debug|Any CPU.ActiveCfg = Debug|Any CPU
		{879CA851-311C-42DA-A9EC-0C40614C545C}.Debug|Any CPU.Build.0 = Debug|Any CPU
		{879CA851-311C-42DA-A9EC-0C40614C545C}.Release|Any CPU.ActiveCfg = Release|Any CPU
		{879CA851-311C-42DA-A9EC-0C40614C545C}.Release|Any CPU.Build.0 = Release|Any CPU
		{8C981BBB-6922-4418-A040-6A68A6C5D531}.Debug|Any CPU.ActiveCfg = Debug|Any CPU
		{8C981BBB-6922-4418-A040-6A68A6C5D531}.Debug|Any CPU.Build.0 = Debug|Any CPU
		{8C981BBB-6922-4418-A040-6A68A6C5D531}.Release|Any CPU.ActiveCfg = Release|Any CPU
		{8C981BBB-6922-4418-A040-6A68A6C5D531}.Release|Any CPU.Build.0 = Release|Any CPU
		{5BEBD9DA-BCD9-463D-8148-D464820FE73E}.Debug|Any CPU.ActiveCfg = Debug|Any CPU
		{5BEBD9DA-BCD9-463D-8148-D464820FE73E}.Debug|Any CPU.Build.0 = Debug|Any CPU
		{5BEBD9DA-BCD9-463D-8148-D464820FE73E}.Release|Any CPU.ActiveCfg = Release|Any CPU
		{5BEBD9DA-BCD9-463D-8148-D464820FE73E}.Release|Any CPU.Build.0 = Release|Any CPU
		{F300F60B-8B03-4D9B-8D4C-34B06A4CA601}.Debug|Any CPU.ActiveCfg = Debug|Any CPU
		{F300F60B-8B03-4D9B-8D4C-34B06A4CA601}.Debug|Any CPU.Build.0 = Debug|Any CPU
		{F300F60B-8B03-4D9B-8D4C-34B06A4CA601}.Release|Any CPU.ActiveCfg = Release|Any CPU
		{F300F60B-8B03-4D9B-8D4C-34B06A4CA601}.Release|Any CPU.Build.0 = Release|Any CPU
	EndGlobalSection
	GlobalSection(SolutionProperties) = preSolution
		HideSolutionNode = FALSE
	EndGlobalSection
	GlobalSection(NestedProjects) = preSolution
		{09DA94B8-D76D-4BD5-820B-3DA3BB56C427} = {A0105BEE-DA00-40CE-B6F6-D9D225BA7774}
		{AB3844E7-E46E-489B-9956-40F85E56296F} = {4EB068BC-32D4-4597-8F87-77538C0D0776}
		{879CA851-311C-42DA-A9EC-0C40614C545C} = {4EB068BC-32D4-4597-8F87-77538C0D0776}
		{8C981BBB-6922-4418-A040-6A68A6C5D531} = {4EB068BC-32D4-4597-8F87-77538C0D0776}
		{5BEBD9DA-BCD9-463D-8148-D464820FE73E} = {4EB068BC-32D4-4597-8F87-77538C0D0776}
		{F300F60B-8B03-4D9B-8D4C-34B06A4CA601} = {4EB068BC-32D4-4597-8F87-77538C0D0776}
	EndGlobalSection
	GlobalSection(ExtensibilityGlobals) = postSolution
		SolutionGuid = {C0ED09FD-EEAF-4E3E-94C0-5BF69FC94CFC}
	EndGlobalSection
EndGlobal
